
Microsoft Visual Studio Solution File, Format Version 12.00
# Visual Studio Version 17
VisualStudioVersion = 17.6.33815.320
MinimumVisualStudioVersion = 10.0.40219.1
Project("{FAE04EC0-301F-11D3-BF4B-00C04F79EFBC}") = "WordleGuesser", "WordleGuesser\WordleGuesser.csproj", "{30F6A476-828C-479B-AB8D-4F90ED234835}"
EndProject
Global
	GlobalSection(SolutionConfigurationPlatforms) = preSolution
		Debug|Any CPU = Debug|Any CPU
		Release|Any CPU = Release|Any CPU
	EndGlobalSection
	GlobalSection(ProjectConfigurationPlatforms) = postSolution
		{30F6A476-828C-479B-AB8D-4F90ED234835}.Debug|Any CPU.ActiveCfg = Debug|Any CPU
		{30F6A476-828C-479B-AB8D-4F90ED234835}.Debug|Any CPU.Build.0 = Debug|Any CPU
		{30F6A476-828C-479B-AB8D-4F90ED234835}.Release|Any CPU.ActiveCfg = Release|Any CPU
		{30F6A476-828C-479B-AB8D-4F90ED234835}.Release|Any CPU.Build.0 = Release|Any CPU
	EndGlobalSection
	GlobalSection(SolutionProperties) = preSolution
		HideSolutionNode = FALSE
	EndGlobalSection
	GlobalSection(ExtensibilityGlobals) = postSolution
		SolutionGuid = {E53E3D22-5242-4C25-A0B6-6DA413B6E860}
	EndGlobalSection
EndGlobal
